// !$*UTF8*$!
{
	archiveVersion = 1;
	classes = {
	};
	objectVersion = 46;
	objects = {

/* Begin PBXBuildFile section */
		61457B431E0C4EFB00209325 /* AppDelegate.swift in Sources */ = {isa = PBXBuildFile; fileRef = 61457B421E0C4EFB00209325 /* AppDelegate.swift */; };
		61457B451E0C4EFB00209325 /* ViewController.swift in Sources */ = {isa = PBXBuildFile; fileRef = 61457B441E0C4EFB00209325 /* ViewController.swift */; };
		61457B481E0C4EFB00209325 /* Main.storyboard in Resources */ = {isa = PBXBuildFile; fileRef = 61457B461E0C4EFB00209325 /* Main.storyboard */; };
		61457B4A1E0C4EFB00209325 /* Assets.xcassets in Resources */ = {isa = PBXBuildFile; fileRef = 61457B491E0C4EFB00209325 /* Assets.xcassets */; };
		61457B4D1E0C4EFB00209325 /* LaunchScreen.storyboard in Resources */ = {isa = PBXBuildFile; fileRef = 61457B4B1E0C4EFB00209325 /* LaunchScreen.storyboard */; };
		61457B581E0C4EFB00209325 /* QiiterTests.swift in Sources */ = {isa = PBXBuildFile; fileRef = 61457B571E0C4EFB00209325 /* QiiterTests.swift */; };
		61457B631E0C4EFB00209325 /* QiiterUITests.swift in Sources */ = {isa = PBXBuildFile; fileRef = 61457B621E0C4EFB00209325 /* QiiterUITests.swift */; };
/* End PBXBuildFile section */

/* Begin PBXContainerItemProxy section */
		61457B541E0C4EFB00209325 /* PBXContainerItemProxy */ = {
			isa = PBXContainerItemProxy;
			containerPortal = 61457B371E0C4EFB00209325 /* Project object */;
			proxyType = 1;
			remoteGlobalIDString = 61457B3E1E0C4EFB00209325;
			remoteInfo = Qiiter;
		};
		61457B5F1E0C4EFB00209325 /* PBXContainerItemProxy */ = {
			isa = PBXContainerItemProxy;
			containerPortal = 61457B371E0C4EFB00209325 /* Project object */;
			proxyType = 1;
			remoteGlobalIDString = 61457B3E1E0C4EFB00209325;
			remoteInfo = Qiiter;
		};
/* End PBXContainerItemProxy section */

/* Begin PBXFileReference section */
		61457B3F1E0C4EFB00209325 /* Qiiter.app */ = {isa = PBXFileReference; explicitFileType = wrapper.application; includeInIndex = 0; path = Qiiter.app; sourceTree = BUILT_PRODUCTS_DIR; };
		61457B421E0C4EFB00209325 /* AppDelegate.swift */ = {isa = PBXFileReference; lastKnownFileType = sourcecode.swift; path = AppDelegate.swift; sourceTree = "<group>"; };
		61457B441E0C4EFB00209325 /* ViewController.swift */ = {isa = PBXFileReference; lastKnownFileType = sourcecode.swift; path = ViewController.swift; sourceTree = "<group>"; };
		61457B471E0C4EFB00209325 /* Base */ = {isa = PBXFileReference; lastKnownFileType = file.storyboard; name = Base; path = Base.lproj/Main.storyboard; sourceTree = "<group>"; };
		61457B491E0C4EFB00209325 /* Assets.xcassets */ = {isa = PBXFileReference; lastKnownFileType = folder.assetcatalog; path = Assets.xcassets; sourceTree = "<group>"; };
		61457B4C1E0C4EFB00209325 /* Base */ = {isa = PBXFileReference; lastKnownFileType = file.storyboard; name = Base; path = Base.lproj/LaunchScreen.storyboard; sourceTree = "<group>"; };
		61457B4E1E0C4EFB00209325 /* Info.plist */ = {isa = PBXFileReference; lastKnownFileType = text.plist.xml; path = Info.plist; sourceTree = "<group>"; };
		61457B531E0C4EFB00209325 /* QiiterTests.xctest */ = {isa = PBXFileReference; explicitFileType = wrapper.cfbundle; includeInIndex = 0; path = QiiterTests.xctest; sourceTree = BUILT_PRODUCTS_DIR; };
		61457B571E0C4EFB00209325 /* QiiterTests.swift */ = {isa = PBXFileReference; lastKnownFileType = sourcecode.swift; path = QiiterTests.swift; sourceTree = "<group>"; };
		61457B591E0C4EFB00209325 /* Info.plist */ = {isa = PBXFileReference; lastKnownFileType = text.plist.xml; path = Info.plist; sourceTree = "<group>"; };
		61457B5E1E0C4EFB00209325 /* QiiterUITests.xctest */ = {isa = PBXFileReference; explicitFileType = wrapper.cfbundle; includeInIndex = 0; path = QiiterUITests.xctest; sourceTree = BUILT_PRODUCTS_DIR; };
		61457B621E0C4EFB00209325 /* QiiterUITests.swift */ = {isa = PBXFileReference; lastKnownFileType = sourcecode.swift; path = QiiterUITests.swift; sourceTree = "<group>"; };
		61457B641E0C4EFB00209325 /* Info.plist */ = {isa = PBXFileReference; lastKnownFileType = text.plist.xml; path = Info.plist; sourceTree = "<group>"; };
/* End PBXFileReference section */

/* Begin PBXFrameworksBuildPhase section */
		61457B3C1E0C4EFB00209325 /* Frameworks */ = {
			isa = PBXFrameworksBuildPhase;
			buildActionMask = 2147483647;
			files = (
			);
			runOnlyForDeploymentPostprocessing = 0;
		};
		61457B501E0C4EFB00209325 /* Frameworks */ = {
			isa = PBXFrameworksBuildPhase;
			buildActionMask = 2147483647;
			files = (
			);
			runOnlyForDeploymentPostprocessing = 0;
		};
		61457B5B1E0C4EFB00209325 /* Frameworks */ = {
			isa = PBXFrameworksBuildPhase;
			buildActionMask = 2147483647;
			files = (
			);
			runOnlyForDeploymentPostprocessing = 0;
		};
/* End PBXFrameworksBuildPhase section */

/* Begin PBXGroup section */
		61457B361E0C4EFB00209325 = {
			isa = PBXGroup;
			children = (
				61457B411E0C4EFB00209325 /* Qiiter */,
				61457B561E0C4EFB00209325 /* QiiterTests */,
				61457B611E0C4EFB00209325 /* QiiterUITests */,
				61457B401E0C4EFB00209325 /* Products */,
			);
			sourceTree = "<group>";
		};
		61457B401E0C4EFB00209325 /* Products */ = {
			isa = PBXGroup;
			children = (
				61457B3F1E0C4EFB00209325 /* Qiiter.app */,
				61457B531E0C4EFB00209325 /* QiiterTests.xctest */,
				61457B5E1E0C4EFB00209325 /* QiiterUITests.xctest */,
			);
			name = Products;
			sourceTree = "<group>";
		};
		61457B411E0C4EFB00209325 /* Qiiter */ = {
			isa = PBXGroup;
			children = (
				61457B421E0C4EFB00209325 /* AppDelegate.swift */,
				61457B441E0C4EFB00209325 /* ViewController.swift */,
				61457B461E0C4EFB00209325 /* Main.storyboard */,
				61457B491E0C4EFB00209325 /* Assets.xcassets */,
				61457B4B1E0C4EFB00209325 /* LaunchScreen.storyboard */,
				61457B4E1E0C4EFB00209325 /* Info.plist */,
			);
			path = Qiiter;
			sourceTree = "<group>";
		};
		61457B561E0C4EFB00209325 /* QiiterTests */ = {
			isa = PBXGroup;
			children = (
				61457B571E0C4EFB00209325 /* QiiterTests.swift */,
				61457B591E0C4EFB00209325 /* Info.plist */,
			);
			path = QiiterTests;
			sourceTree = "<group>";
		};
		61457B611E0C4EFB00209325 /* QiiterUITests */ = {
			isa = PBXGroup;
			children = (
				61457B621E0C4EFB00209325 /* QiiterUITests.swift */,
				61457B641E0C4EFB00209325 /* Info.plist */,
			);
			path = QiiterUITests;
			sourceTree = "<group>";
		};
/* End PBXGroup section */

/* Begin PBXNativeTarget section */
		61457B3E1E0C4EFB00209325 /* Qiiter */ = {
			isa = PBXNativeTarget;
			buildConfigurationList = 61457B671E0C4EFC00209325 /* Build configuration list for PBXNativeTarget "Qiiter" */;
			buildPhases = (
				61457B3B1E0C4EFB00209325 /* Sources */,
				61457B3C1E0C4EFB00209325 /* Frameworks */,
				61457B3D1E0C4EFB00209325 /* Resources */,
			);
			buildRules = (
			);
			dependencies = (
			);
			name = Qiiter;
			productName = Qiiter;
			productReference = 61457B3F1E0C4EFB00209325 /* Qiiter.app */;
			productType = "com.apple.product-type.application";
		};
		61457B521E0C4EFB00209325 /* QiiterTests */ = {
			isa = PBXNativeTarget;
			buildConfigurationList = 61457B6A1E0C4EFC00209325 /* Build configuration list for PBXNativeTarget "QiiterTests" */;
			buildPhases = (
				61457B4F1E0C4EFB00209325 /* Sources */,
				61457B501E0C4EFB00209325 /* Frameworks */,
				61457B511E0C4EFB00209325 /* Resources */,
			);
			buildRules = (
			);
			dependencies = (
				61457B551E0C4EFB00209325 /* PBXTargetDependency */,
			);
			name = QiiterTests;
			productName = QiiterTests;
			productReference = 61457B531E0C4EFB00209325 /* QiiterTests.xctest */;
			productType = "com.apple.product-type.bundle.unit-test";
		};
		61457B5D1E0C4EFB00209325 /* QiiterUITests */ = {
			isa = PBXNativeTarget;
			buildConfigurationList = 61457B6D1E0C4EFC00209325 /* Build configuration list for PBXNativeTarget "QiiterUITests" */;
			buildPhases = (
				61457B5A1E0C4EFB00209325 /* Sources */,
				61457B5B1E0C4EFB00209325 /* Frameworks */,
				61457B5C1E0C4EFB00209325 /* Resources */,
			);
			buildRules = (
			);
			dependencies = (
				61457B601E0C4EFB00209325 /* PBXTargetDependency */,
			);
			name = QiiterUITests;
			productName = QiiterUITests;
			productReference = 61457B5E1E0C4EFB00209325 /* QiiterUITests.xctest */;
			productType = "com.apple.product-type.bundle.ui-testing";
		};
/* End PBXNativeTarget section */

/* Begin PBXProject section */
		61457B371E0C4EFB00209325 /* Project object */ = {
			isa = PBXProject;
			attributes = {
				LastSwiftUpdateCheck = 0820;
				LastUpgradeCheck = 0820;
				ORGANIZATIONNAME = pokohide;
				TargetAttributes = {
					61457B3E1E0C4EFB00209325 = {
						CreatedOnToolsVersion = 8.2;
						ProvisioningStyle = Automatic;
					};
					61457B521E0C4EFB00209325 = {
						CreatedOnToolsVersion = 8.2;
						ProvisioningStyle = Automatic;
						TestTargetID = 61457B3E1E0C4EFB00209325;
					};
					61457B5D1E0C4EFB00209325 = {
						CreatedOnToolsVersion = 8.2;
						ProvisioningStyle = Automatic;
						TestTargetID = 61457B3E1E0C4EFB00209325;
					};
				};
			};
			buildConfigurationList = 61457B3A1E0C4EFB00209325 /* Build configuration list for PBXProject "Qiiter" */;
			compatibilityVersion = "Xcode 3.2";
			developmentRegion = English;
			hasScannedForEncodings = 0;
			knownRegions = (
				en,
				Base,
			);
			mainGroup = 61457B361E0C4EFB00209325;
			productRefGroup = 61457B401E0C4EFB00209325 /* Products */;
			projectDirPath = "";
			projectRoot = "";
			targets = (
				61457B3E1E0C4EFB00209325 /* Qiiter */,
				61457B521E0C4EFB00209325 /* QiiterTests */,
				61457B5D1E0C4EFB00209325 /* QiiterUITests */,
			);
		};
/* End PBXProject section */

/* Begin PBXResourcesBuildPhase section */
		61457B3D1E0C4EFB00209325 /* Resources */ = {
			isa = PBXResourcesBuildPhase;
			buildActionMask = 2147483647;
			files = (
				61457B4D1E0C4EFB00209325 /* LaunchScreen.storyboard in Resources */,
				61457B4A1E0C4EFB00209325 /* Assets.xcassets in Resources */,
				61457B481E0C4EFB00209325 /* Main.storyboard in Resources */,
			);
			runOnlyForDeploymentPostprocessing = 0;
		};
		61457B511E0C4EFB00209325 /* Resources */ = {
			isa = PBXResourcesBuildPhase;
			buildActionMask = 2147483647;
			files = (
			);
			runOnlyForDeploymentPostprocessing = 0;
		};
		61457B5C1E0C4EFB00209325 /* Resources */ = {
			isa = PBXResourcesBuildPhase;
			buildActionMask = 2147483647;
			files = (
			);
			runOnlyForDeploymentPostprocessing = 0;
		};
/* End PBXResourcesBuildPhase section */

/* Begin PBXSourcesBuildPhase section */
		61457B3B1E0C4EFB00209325 /* Sources */ = {
			isa = PBXSourcesBuildPhase;
			buildActionMask = 2147483647;
			files = (
				61457B451E0C4EFB00209325 /* ViewController.swift in Sources */,
				61457B431E0C4EFB00209325 /* AppDelegate.swift in Sources */,
			);
			runOnlyForDeploymentPostprocessing = 0;
		};
		61457B4F1E0C4EFB00209325 /* Sources */ = {
			isa = PBXSourcesBuildPhase;
			buildActionMask = 2147483647;
			files = (
				61457B581E0C4EFB00209325 /* QiiterTests.swift in Sources */,
			);
			runOnlyForDeploymentPostprocessing = 0;
		};
		61457B5A1E0C4EFB00209325 /* Sources */ = {
			isa = PBXSourcesBuildPhase;
			buildActionMask = 2147483647;
			files = (
				61457B631E0C4EFB00209325 /* QiiterUITests.swift in Sources */,
			);
			runOnlyForDeploymentPostprocessing = 0;
		};
/* End PBXSourcesBuildPhase section */

/* Begin PBXTargetDependency section */
		61457B551E0C4EFB00209325 /* PBXTargetDependency */ = {
			isa = PBXTargetDependency;
			target = 61457B3E1E0C4EFB00209325 /* Qiiter */;
			targetProxy = 61457B541E0C4EFB00209325 /* PBXContainerItemProxy */;
		};
		61457B601E0C4EFB00209325 /* PBXTargetDependency */ = {
			isa = PBXTargetDependency;
			target = 61457B3E1E0C4EFB00209325 /* Qiiter */;
			targetProxy = 61457B5F1E0C4EFB00209325 /* PBXContainerItemProxy */;
		};
/* End PBXTargetDependency section */

/* Begin PBXVariantGroup section */
		61457B461E0C4EFB00209325 /* Main.storyboard */ = {
			isa = PBXVariantGroup;
			children = (
				61457B471E0C4EFB00209325 /* Base */,
			);
			name = Main.storyboard;
			sourceTree = "<group>";
		};
		61457B4B1E0C4EFB00209325 /* LaunchScreen.storyboard */ = {
			isa = PBXVariantGroup;
			children = (
				61457B4C1E0C4EFB00209325 /* Base */,
			);
			name = LaunchScreen.storyboard;
			sourceTree = "<group>";
		};
/* End PBXVariantGroup section */

/* Begin XCBuildConfiguration section */
		61457B651E0C4EFC00209325 /* Debug */ = {
			isa = XCBuildConfiguration;
			buildSettings = {
				ALWAYS_SEARCH_USER_PATHS = NO;
				CLANG_ANALYZER_NONNULL = YES;
				CLANG_CXX_LANGUAGE_STANDARD = "gnu++0x";
				CLANG_CXX_LIBRARY = "libc++";
				CLANG_ENABLE_MODULES = YES;
				CLANG_ENABLE_OBJC_ARC = YES;
				CLANG_WARN_BOOL_CONVERSION = YES;
				CLANG_WARN_CONSTANT_CONVERSION = YES;
				CLANG_WARN_DIRECT_OBJC_ISA_USAGE = YES_ERROR;
				CLANG_WARN_DOCUMENTATION_COMMENTS = YES;
				CLANG_WARN_EMPTY_BODY = YES;
				CLANG_WARN_ENUM_CONVERSION = YES;
				CLANG_WARN_INFINITE_RECURSION = YES;
				CLANG_WARN_INT_CONVERSION = YES;
				CLANG_WARN_OBJC_ROOT_CLASS = YES_ERROR;
				CLANG_WARN_SUSPICIOUS_MOVE = YES;
				CLANG_WARN_UNREACHABLE_CODE = YES;
				CLANG_WARN__DUPLICATE_METHOD_MATCH = YES;
				"CODE_SIGN_IDENTITY[sdk=iphoneos*]" = "iPhone Developer";
				COPY_PHASE_STRIP = NO;
				DEBUG_INFORMATION_FORMAT = dwarf;
				ENABLE_STRICT_OBJC_MSGSEND = YES;
				ENABLE_TESTABILITY = YES;
				GCC_C_LANGUAGE_STANDARD = gnu99;
				GCC_DYNAMIC_NO_PIC = NO;
				GCC_NO_COMMON_BLOCKS = YES;
				GCC_OPTIMIZATION_LEVEL = 0;
				GCC_PREPROCESSOR_DEFINITIONS = (
					"DEBUG=1",
					"$(inherited)",
				);
				GCC_WARN_64_TO_32_BIT_CONVERSION = YES;
				GCC_WARN_ABOUT_RETURN_TYPE = YES_ERROR;
				GCC_WARN_UNDECLARED_SELECTOR = YES;
				GCC_WARN_UNINITIALIZED_AUTOS = YES_AGGRESSIVE;
				GCC_WARN_UNUSED_FUNCTION = YES;
				GCC_WARN_UNUSED_VARIABLE = YES;
				IPHONEOS_DEPLOYMENT_TARGET = 10.2;
				MTL_ENABLE_DEBUG_INFO = YES;
				ONLY_ACTIVE_ARCH = YES;
				SDKROOT = iphoneos;
				SWIFT_ACTIVE_COMPILATION_CONDITIONS = DEBUG;
				SWIFT_OPTIMIZATION_LEVEL = "-Onone";
			};
			name = Debug;
		};
		61457B661E0C4EFC00209325 /* Release */ = {
			isa = XCBuildConfiguration;
			buildSettings = {
				ALWAYS_SEARCH_USER_PATHS = NO;
				CLANG_ANALYZER_NONNULL = YES;
				CLANG_CXX_LANGUAGE_STANDARD = "gnu++0x";
				CLANG_CXX_LIBRARY = "libc++";
				CLANG_ENABLE_MODULES = YES;
				CLANG_ENABLE_OBJC_ARC = YES;
				CLANG_WARN_BOOL_CONVERSION = YES;
				CLANG_WARN_CONSTANT_CONVERSION = YES;
				CLANG_WARN_DIRECT_OBJC_ISA_USAGE = YES_ERROR;
				CLANG_WARN_DOCUMENTATION_COMMENTS = YES;
				CLANG_WARN_EMPTY_BODY = YES;
				CLANG_WARN_ENUM_CONVERSION = YES;
				CLANG_WARN_INFINITE_RECURSION = YES;
				CLANG_WARN_INT_CONVERSION = YES;
				CLANG_WARN_OBJC_ROOT_CLASS = YES_ERROR;
				CLANG_WARN_SUSPICIOUS_MOVE = YES;
				CLANG_WARN_UNREACHABLE_CODE = YES;
				CLANG_WARN__DUPLICATE_METHOD_MATCH = YES;
				"CODE_SIGN_IDENTITY[sdk=iphoneos*]" = "iPhone Developer";
				COPY_PHASE_STRIP = NO;
				DEBUG_INFORMATION_FORMAT = "dwarf-with-dsym";
				ENABLE_NS_ASSERTIONS = NO;
				ENABLE_STRICT_OBJC_MSGSEND = YES;
				GCC_C_LANGUAGE_STANDARD = gnu99;
				GCC_NO_COMMON_BLOCKS = YES;
				GCC_WARN_64_TO_32_BIT_CONVERSION = YES;
				GCC_WARN_ABOUT_RETURN_TYPE = YES_ERROR;
				GCC_WARN_UNDECLARED_SELECTOR = YES;
				GCC_WARN_UNINITIALIZED_AUTOS = YES_AGGRESSIVE;
				GCC_WARN_UNUSED_FUNCTION = YES;
				GCC_WARN_UNUSED_VARIABLE = YES;
				IPHONEOS_DEPLOYMENT_TARGET = 10.2;
				MTL_ENABLE_DEBUG_INFO = NO;
				SDKROOT = iphoneos;
				SWIFT_OPTIMIZATION_LEVEL = "-Owholemodule";
				VALIDATE_PRODUCT = YES;
			};
			name = Release;
		};
		61457B681E0C4EFC00209325 /* Debug */ = {
			isa = XCBuildConfiguration;
			buildSettings = {
				ASSETCATALOG_COMPILER_APPICON_NAME = AppIcon;
				INFOPLIST_FILE = Qiiter/Info.plist;
				LD_RUNPATH_SEARCH_PATHS = "$(inherited) @executable_path/Frameworks";
				PRODUCT_BUNDLE_IDENTIFIER = pokohide.Qiiter;
				PRODUCT_NAME = "$(TARGET_NAME)";
				SWIFT_VERSION = 3.0;
			};
			name = Debug;
		};
		61457B691E0C4EFC00209325 /* Release */ = {
			isa = XCBuildConfiguration;
			buildSettings = {
				ASSETCATALOG_COMPILER_APPICON_NAME = AppIcon;
				INFOPLIST_FILE = Qiiter/Info.plist;
				LD_RUNPATH_SEARCH_PATHS = "$(inherited) @executable_path/Frameworks";
				PRODUCT_BUNDLE_IDENTIFIER = pokohide.Qiiter;
				PRODUCT_NAME = "$(TARGET_NAME)";
				SWIFT_VERSION = 3.0;
			};
			name = Release;
		};
		61457B6B1E0C4EFC00209325 /* Debug */ = {
			isa = XCBuildConfiguration;
			buildSettings = {
				ALWAYS_EMBED_SWIFT_STANDARD_LIBRARIES = YES;
				BUNDLE_LOADER = "$(TEST_HOST)";
				INFOPLIST_FILE = QiiterTests/Info.plist;
				LD_RUNPATH_SEARCH_PATHS = "$(inherited) @executable_path/Frameworks @loader_path/Frameworks";
				PRODUCT_BUNDLE_IDENTIFIER = pokohide.QiiterTests;
				PRODUCT_NAME = "$(TARGET_NAME)";
				SWIFT_VERSION = 3.0;
				TEST_HOST = "$(BUILT_PRODUCTS_DIR)/Qiiter.app/Qiiter";
			};
			name = Debug;
		};
		61457B6C1E0C4EFC00209325 /* Release */ = {
			isa = XCBuildConfiguration;
			buildSettings = {
				ALWAYS_EMBED_SWIFT_STANDARD_LIBRARIES = YES;
				BUNDLE_LOADER = "$(TEST_HOST)";
				INFOPLIST_FILE = QiiterTests/Info.plist;
				LD_RUNPATH_SEARCH_PATHS = "$(inherited) @executable_path/Frameworks @loader_path/Frameworks";
				PRODUCT_BUNDLE_IDENTIFIER = pokohide.QiiterTests;
				PRODUCT_NAME = "$(TARGET_NAME)";
				SWIFT_VERSION = 3.0;
				TEST_HOST = "$(BUILT_PRODUCTS_DIR)/Qiiter.app/Qiiter";
			};
			name = Release;
		};
		61457B6E1E0C4EFC00209325 /* Debug */ = {
			isa = XCBuildConfiguration;
			buildSettings = {
				ALWAYS_EMBED_SWIFT_STANDARD_LIBRARIES = YES;
				INFOPLIST_FILE = QiiterUITests/Info.plist;
				LD_RUNPATH_SEARCH_PATHS = "$(inherited) @executable_path/Frameworks @loader_path/Frameworks";
				PRODUCT_BUNDLE_IDENTIFIER = pokohide.QiiterUITests;
				PRODUCT_NAME = "$(TARGET_NAME)";
				SWIFT_VERSION = 3.0;
				TEST_TARGET_NAME = Qiiter;
			};
			name = Debug;
		};
		61457B6F1E0C4EFC00209325 /* Release */ = {
			isa = XCBuildConfiguration;
			buildSettings = {
				ALWAYS_EMBED_SWIFT_STANDARD_LIBRARIES = YES;
				INFOPLIST_FILE = QiiterUITests/Info.plist;
				LD_RUNPATH_SEARCH_PATHS = "$(inherited) @executable_path/Frameworks @loader_path/Frameworks";
				PRODUCT_BUNDLE_IDENTIFIER = pokohide.QiiterUITests;
				PRODUCT_NAME = "$(TARGET_NAME)";
				SWIFT_VERSION = 3.0;
				TEST_TARGET_NAME = Qiiter;
			};
			name = Release;
		};
/* End XCBuildConfiguration section */

/* Begin XCConfigurationList section */
		61457B3A1E0C4EFB00209325 /* Build configuration list for PBXProject "Qiiter" */ = {
			isa = XCConfigurationList;
			buildConfigurations = (
				61457B651E0C4EFC00209325 /* Debug */,
				61457B661E0C4EFC00209325 /* Release */,
			);
			defaultConfigurationIsVisible = 0;
			defaultConfigurationName = Release;
		};
		61457B671E0C4EFC00209325 /* Build configuration list for PBXNativeTarget "Qiiter" */ = {
			isa = XCConfigurationList;
			buildConfigurations = (
				61457B681E0C4EFC00209325 /* Debug */,
				61457B691E0C4EFC00209325 /* Release */,
			);
			defaultConfigurationIsVisible = 0;
		};
		61457B6A1E0C4EFC00209325 /* Build configuration list for PBXNativeTarget "QiiterTests" */ = {
			isa = XCConfigurationList;
			buildConfigurations = (
				61457B6B1E0C4EFC00209325 /* Debug */,
				61457B6C1E0C4EFC00209325 /* Release */,
			);
			defaultConfigurationIsVisible = 0;
		};
		61457B6D1E0C4EFC00209325 /* Build configuration list for PBXNativeTarget "QiiterUITests" */ = {
			isa = XCConfigurationList;
			buildConfigurations = (
				61457B6E1E0C4EFC00209325 /* Debug */,
				61457B6F1E0C4EFC00209325 /* Release */,
			);
			defaultConfigurationIsVisible = 0;
		};
/* End XCConfigurationList section */
	};
	rootObject = 61457B371E0C4EFB00209325 /* Project object */;
}
